
Microsoft Visual Studio Solution File, Format Version 12.00
# Visual Studio 15
VisualStudioVersion = 15.0.28010.2046
MinimumVisualStudioVersion = 10.0.40219.1
Project("{9A19103F-16F7-4668-BE54-9A1E7A4F7556}") = "Authentication", "Authentication\Authentication.csproj", "{8001CD39-CDC7-43E5-AD93-72C78570A29B}"
EndProject
Project("{2150E333-8FDC-42A3-9474-1A3956D46DE8}") = "01 - Services", "01 - Services", "{325F8354-BF5E-4EBC-8A7A-8D63EAD60913}"
EndProject
Project("{9A19103F-16F7-4668-BE54-9A1E7A4F7556}") = "Gamification", "Gamification\Gamification.csproj", "{E2455061-9C5C-4C53-83DB-B21B4A16CB01}"
EndProject
Project("{9A19103F-16F7-4668-BE54-9A1E7A4F7556}") = "Questions", "Questions\Questions.csproj", "{1309E87A-FC02-4934-BB6E-EDDCCE8ED124}"
EndProject
Project("{2150E333-8FDC-42A3-9474-1A3956D46DE8}") = "Entities", "Entities", "{9E27A012-EFC7-49E2-B038-FDD2D36FF85B}"
EndProject
Project("{9A19103F-16F7-4668-BE54-9A1E7A4F7556}") = "Entities.Authentication", "Entities.Authentication\Entities.Authentication.csproj", "{BF1BA790-D1E7-4121-9965-1A9A5380B205}"
EndProject
Project("{9A19103F-16F7-4668-BE54-9A1E7A4F7556}") = "Entities.Questions", "Entities.Questions\Entities.Questions.csproj", "{23A37017-27A6-4600-BD2D-3C31207185E2}"
EndProject
Project("{9A19103F-16F7-4668-BE54-9A1E7A4F7556}") = "Notifications", "Notifications\Notifications.csproj", "{2DB72358-BB78-41A9-A7FA-9E579FAF4AC3}"
EndProject
Project("{9A19103F-16F7-4668-BE54-9A1E7A4F7556}") = "Entities.Notifications", "Entities.Notifications\Entities.Notifications.csproj", "{248EA466-1E16-4EF3-8B65-0167F338B00B}"
EndProject
Project("{9A19103F-16F7-4668-BE54-9A1E7A4F7556}") = "Entities.FilesHandler", "Entities.FilesHandler\Entities.FilesHandler.csproj", "{41ABF0AC-221B-4FF5-A9A1-B21CCD4405F9}"
EndProject
Project("{9A19103F-16F7-4668-BE54-9A1E7A4F7556}") = "FilesHandler", "FilesHandler\FilesHandler.csproj", "{BCAB2CD6-EA1E-4AF4-A382-434984ED547C}"
EndProject
Project("{9A19103F-16F7-4668-BE54-9A1E7A4F7556}") = "ClassesManagement", "ClassesManagement\ClassesManagement.csproj", "{9CBC54D0-7756-4DD0-A41B-D3D8E3BB4012}"
EndProject
Project("{9A19103F-16F7-4668-BE54-9A1E7A4F7556}") = "Entities.ClassesManagement", "Entities.ClassesManagement\Entities.ClassesManagement.csproj", "{261967F6-7262-4F62-BECF-33ED16902723}"
EndProject
Project("{2150E333-8FDC-42A3-9474-1A3956D46DE8}") = "Models", "Models", "{713FBFD0-C87B-4FB9-955F-E46500C22276}"
EndProject
Project("{9A19103F-16F7-4668-BE54-9A1E7A4F7556}") = "Models.Authentication", "Models.Authentication\Models.Authentication.csproj", "{07B93C17-AC75-4913-AC4B-599FFBA1F3E3}"
EndProject
Project("{9A19103F-16F7-4668-BE54-9A1E7A4F7556}") = "Models.ClassesManagement", "Models.ClassesManagement\Models.ClassesManagement.csproj", "{6286881C-BF44-4E29-9BAC-06B3F0D77346}"
EndProject
Project("{9A19103F-16F7-4668-BE54-9A1E7A4F7556}") = "Models.FilesHandler", "Models.FilesHandler\Models.FilesHandler.csproj", "{A88888D2-2DAC-428C-ADAF-4EEED912F74F}"
EndProject
Project("{9A19103F-16F7-4668-BE54-9A1E7A4F7556}") = "Models.Notification", "Models.Notification\Models.Notification.csproj", "{1614497C-243F-4B6A-A156-B8183761E072}"
EndProject
Project("{9A19103F-16F7-4668-BE54-9A1E7A4F7556}") = "Models.Questions", "Models.Questions\Models.Questions.csproj", "{FAEA532C-5CB0-4067-B233-5E05B10974A1}"
EndProject
Project("{9A19103F-16F7-4668-BE54-9A1E7A4F7556}") = "Entities.Gamification", "Entities.Gamification\Entities.Gamification.csproj", "{A32C3CC0-B0BF-46A3-BB28-FBDDD38FCDAC}"
EndProject
Project("{9A19103F-16F7-4668-BE54-9A1E7A4F7556}") = "Models.Gamification", "Models.Gamification\Models.Gamification.csproj", "{32A2D4D0-A757-49A8-BB2D-949BE4761525}"
EndProject
Project("{2150E333-8FDC-42A3-9474-1A3956D46DE8}") = "03 - DataAccess", "03 - DataAccess", "{7344CA34-B194-4ED2-A0FB-0A4CB7BE8F0E}"
EndProject
Project("{9A19103F-16F7-4668-BE54-9A1E7A4F7556}") = "DataAccess.FilesHandler", "DataAccess.FilesHandler\DataAccess.FilesHandler.csproj", "{47883963-5E92-4CEB-9C4C-25A6A5F22368}"
EndProject
Project("{9A19103F-16F7-4668-BE54-9A1E7A4F7556}") = "DataAccess.Authentication", "DataAccess.Authentication\DataAccess.Authentication.csproj", "{3E093119-72DD-4B97-BFC8-3387A65EDC40}"
EndProject
Project("{9A19103F-16F7-4668-BE54-9A1E7A4F7556}") = "DataAccess.ClassesManagement", "DataAccess.ClassesManagement\DataAccess.ClassesManagement.csproj", "{90DF5380-9E9D-4BEF-86CC-94FA5387514D}"
EndProject
Project("{9A19103F-16F7-4668-BE54-9A1E7A4F7556}") = "DataAccess.Gamification", "DataAccess.Gamification\DataAccess.Gamification.csproj", "{E5D1F2C1-3FF1-4586-900C-5BF2D8E87455}"
EndProject
Project("{9A19103F-16F7-4668-BE54-9A1E7A4F7556}") = "DataAccess.Notifications", "DataAccess.Notifications\DataAccess.Notifications.csproj", "{0BA416FC-05E6-4CFA-A214-FFF4F7EC0073}"
EndProject
Project("{9A19103F-16F7-4668-BE54-9A1E7A4F7556}") = "DataAccess.Questions", "DataAccess.Questions\DataAccess.Questions.csproj", "{5B04C320-A9D0-4FB3-ABDD-363A480D4BE2}"
EndProject
Project("{2150E333-8FDC-42A3-9474-1A3956D46DE8}") = "04 - BusinessLogic", "04 - BusinessLogic", "{C527E99D-5AC8-450F-A04E-CD81343BB1AC}"
EndProject
Project("{2150E333-8FDC-42A3-9474-1A3956D46DE8}") = "05 - Tests", "05 - Tests", "{718CC3AD-B3E0-4CCF-B057-EC9C97CB118E}"
EndProject
Project("{9A19103F-16F7-4668-BE54-9A1E7A4F7556}") = "BusinessLogic.Authentication", "BusinessLogic.Authentication\BusinessLogic.Authentication.csproj", "{8B151F74-F200-4B5A-82CA-19C7707E81F5}"
EndProject
Project("{9A19103F-16F7-4668-BE54-9A1E7A4F7556}") = "BusinessLogic.ClassesManagement", "BusinessLogic.ClassesManagement\BusinessLogic.ClassesManagement.csproj", "{2F04AD02-A245-426F-A0B9-17C800E96799}"
EndProject
Project("{9A19103F-16F7-4668-BE54-9A1E7A4F7556}") = "BusinessLogic.FilesHandler", "BusinessLogic.FilesHandler\BusinessLogic.FilesHandler.csproj", "{0E7D6E6E-93F2-4B3C-828B-316CA91BB874}"
EndProject
Project("{9A19103F-16F7-4668-BE54-9A1E7A4F7556}") = "BusinessLogic.Gamification", "BusinessLogic.Gamification\BusinessLogic.Gamification.csproj", "{B41F2109-C09A-4574-88EF-F408DEC89A3F}"
EndProject
Project("{9A19103F-16F7-4668-BE54-9A1E7A4F7556}") = "BusinessLogic.Notifications", "BusinessLogic.Notifications\BusinessLogic.Notifications.csproj", "{AA7816AC-F579-46AB-BC17-4CC1166617B4}"
EndProject
Project("{9A19103F-16F7-4668-BE54-9A1E7A4F7556}") = "BusinessLogic.Questions", "BusinessLogic.Questions\BusinessLogic.Questions.csproj", "{BDD428D5-FF51-467A-BB13-FE5003C333DF}"
EndProject
Project("{2150E333-8FDC-42A3-9474-1A3956D46DE8}") = "02 - Domains", "02 - Domains", "{53080781-AE6C-47EB-A488-4238F5FCF9E0}"
EndProject
Project("{2150E333-8FDC-42A3-9474-1A3956D46DE8}") = "BusinessLogic", "BusinessLogic", "{534FA529-C149-4CB5-BAA7-FC2EFC501D82}"
EndProject
Project("{9A19103F-16F7-4668-BE54-9A1E7A4F7556}") = "BusinessLogicTest", "BusinessLogicTest\BusinessLogicTest.csproj", "{0BDA686F-C987-41D4-9742-F6EF2EF1B592}"
EndProject
Global
	GlobalSection(SolutionConfigurationPlatforms) = preSolution
		Debug|Any CPU = Debug|Any CPU
		Release|Any CPU = Release|Any CPU
	EndGlobalSection
	GlobalSection(ProjectConfigurationPlatforms) = postSolution
		{8001CD39-CDC7-43E5-AD93-72C78570A29B}.Debug|Any CPU.ActiveCfg = Debug|Any CPU
		{8001CD39-CDC7-43E5-AD93-72C78570A29B}.Debug|Any CPU.Build.0 = Debug|Any CPU
		{8001CD39-CDC7-43E5-AD93-72C78570A29B}.Release|Any CPU.ActiveCfg = Release|Any CPU
		{8001CD39-CDC7-43E5-AD93-72C78570A29B}.Release|Any CPU.Build.0 = Release|Any CPU
		{E2455061-9C5C-4C53-83DB-B21B4A16CB01}.Debug|Any CPU.ActiveCfg = Debug|Any CPU
		{E2455061-9C5C-4C53-83DB-B21B4A16CB01}.Debug|Any CPU.Build.0 = Debug|Any CPU
		{E2455061-9C5C-4C53-83DB-B21B4A16CB01}.Release|Any CPU.ActiveCfg = Release|Any CPU
		{E2455061-9C5C-4C53-83DB-B21B4A16CB01}.Release|Any CPU.Build.0 = Release|Any CPU
		{1309E87A-FC02-4934-BB6E-EDDCCE8ED124}.Debug|Any CPU.ActiveCfg = Debug|Any CPU
		{1309E87A-FC02-4934-BB6E-EDDCCE8ED124}.Debug|Any CPU.Build.0 = Debug|Any CPU
		{1309E87A-FC02-4934-BB6E-EDDCCE8ED124}.Release|Any CPU.ActiveCfg = Release|Any CPU
		{1309E87A-FC02-4934-BB6E-EDDCCE8ED124}.Release|Any CPU.Build.0 = Release|Any CPU
		{BF1BA790-D1E7-4121-9965-1A9A5380B205}.Debug|Any CPU.ActiveCfg = Debug|Any CPU
		{BF1BA790-D1E7-4121-9965-1A9A5380B205}.Debug|Any CPU.Build.0 = Debug|Any CPU
		{BF1BA790-D1E7-4121-9965-1A9A5380B205}.Release|Any CPU.ActiveCfg = Release|Any CPU
		{BF1BA790-D1E7-4121-9965-1A9A5380B205}.Release|Any CPU.Build.0 = Release|Any CPU
		{23A37017-27A6-4600-BD2D-3C31207185E2}.Debug|Any CPU.ActiveCfg = Debug|Any CPU
		{23A37017-27A6-4600-BD2D-3C31207185E2}.Debug|Any CPU.Build.0 = Debug|Any CPU
		{23A37017-27A6-4600-BD2D-3C31207185E2}.Release|Any CPU.ActiveCfg = Release|Any CPU
		{23A37017-27A6-4600-BD2D-3C31207185E2}.Release|Any CPU.Build.0 = Release|Any CPU
		{2DB72358-BB78-41A9-A7FA-9E579FAF4AC3}.Debug|Any CPU.ActiveCfg = Debug|Any CPU
		{2DB72358-BB78-41A9-A7FA-9E579FAF4AC3}.Debug|Any CPU.Build.0 = Debug|Any CPU
		{2DB72358-BB78-41A9-A7FA-9E579FAF4AC3}.Release|Any CPU.ActiveCfg = Release|Any CPU
		{2DB72358-BB78-41A9-A7FA-9E579FAF4AC3}.Release|Any CPU.Build.0 = Release|Any CPU
		{248EA466-1E16-4EF3-8B65-0167F338B00B}.Debug|Any CPU.ActiveCfg = Debug|Any CPU
		{248EA466-1E16-4EF3-8B65-0167F338B00B}.Debug|Any CPU.Build.0 = Debug|Any CPU
		{248EA466-1E16-4EF3-8B65-0167F338B00B}.Release|Any CPU.ActiveCfg = Release|Any CPU
		{248EA466-1E16-4EF3-8B65-0167F338B00B}.Release|Any CPU.Build.0 = Release|Any CPU
		{41ABF0AC-221B-4FF5-A9A1-B21CCD4405F9}.Debug|Any CPU.ActiveCfg = Debug|Any CPU
		{41ABF0AC-221B-4FF5-A9A1-B21CCD4405F9}.Debug|Any CPU.Build.0 = Debug|Any CPU
		{41ABF0AC-221B-4FF5-A9A1-B21CCD4405F9}.Release|Any CPU.ActiveCfg = Release|Any CPU
		{41ABF0AC-221B-4FF5-A9A1-B21CCD4405F9}.Release|Any CPU.Build.0 = Release|Any CPU
		{BCAB2CD6-EA1E-4AF4-A382-434984ED547C}.Debug|Any CPU.ActiveCfg = Debug|Any CPU
		{BCAB2CD6-EA1E-4AF4-A382-434984ED547C}.Debug|Any CPU.Build.0 = Debug|Any CPU
		{BCAB2CD6-EA1E-4AF4-A382-434984ED547C}.Release|Any CPU.ActiveCfg = Release|Any CPU
		{BCAB2CD6-EA1E-4AF4-A382-434984ED547C}.Release|Any CPU.Build.0 = Release|Any CPU
		{9CBC54D0-7756-4DD0-A41B-D3D8E3BB4012}.Debug|Any CPU.ActiveCfg = Debug|Any CPU
		{9CBC54D0-7756-4DD0-A41B-D3D8E3BB4012}.Debug|Any CPU.Build.0 = Debug|Any CPU
		{9CBC54D0-7756-4DD0-A41B-D3D8E3BB4012}.Release|Any CPU.ActiveCfg = Release|Any CPU
		{9CBC54D0-7756-4DD0-A41B-D3D8E3BB4012}.Release|Any CPU.Build.0 = Release|Any CPU
		{261967F6-7262-4F62-BECF-33ED16902723}.Debug|Any CPU.ActiveCfg = Debug|Any CPU
		{261967F6-7262-4F62-BECF-33ED16902723}.Debug|Any CPU.Build.0 = Debug|Any CPU
		{261967F6-7262-4F62-BECF-33ED16902723}.Release|Any CPU.ActiveCfg = Release|Any CPU
		{261967F6-7262-4F62-BECF-33ED16902723}.Release|Any CPU.Build.0 = Release|Any CPU
		{07B93C17-AC75-4913-AC4B-599FFBA1F3E3}.Debug|Any CPU.ActiveCfg = Debug|Any CPU
		{07B93C17-AC75-4913-AC4B-599FFBA1F3E3}.Debug|Any CPU.Build.0 = Debug|Any CPU
		{07B93C17-AC75-4913-AC4B-599FFBA1F3E3}.Release|Any CPU.ActiveCfg = Release|Any CPU
		{07B93C17-AC75-4913-AC4B-599FFBA1F3E3}.Release|Any CPU.Build.0 = Release|Any CPU
		{6286881C-BF44-4E29-9BAC-06B3F0D77346}.Debug|Any CPU.ActiveCfg = Debug|Any CPU
		{6286881C-BF44-4E29-9BAC-06B3F0D77346}.Debug|Any CPU.Build.0 = Debug|Any CPU
		{6286881C-BF44-4E29-9BAC-06B3F0D77346}.Release|Any CPU.ActiveCfg = Release|Any CPU
		{6286881C-BF44-4E29-9BAC-06B3F0D77346}.Release|Any CPU.Build.0 = Release|Any CPU
		{A88888D2-2DAC-428C-ADAF-4EEED912F74F}.Debug|Any CPU.ActiveCfg = Debug|Any CPU
		{A88888D2-2DAC-428C-ADAF-4EEED912F74F}.Debug|Any CPU.Build.0 = Debug|Any CPU
		{A88888D2-2DAC-428C-ADAF-4EEED912F74F}.Release|Any CPU.ActiveCfg = Release|Any CPU
		{A88888D2-2DAC-428C-ADAF-4EEED912F74F}.Release|Any CPU.Build.0 = Release|Any CPU
		{1614497C-243F-4B6A-A156-B8183761E072}.Debug|Any CPU.ActiveCfg = Debug|Any CPU
		{1614497C-243F-4B6A-A156-B8183761E072}.Debug|Any CPU.Build.0 = Debug|Any CPU
		{1614497C-243F-4B6A-A156-B8183761E072}.Release|Any CPU.ActiveCfg = Release|Any CPU
		{1614497C-243F-4B6A-A156-B8183761E072}.Release|Any CPU.Build.0 = Release|Any CPU
		{FAEA532C-5CB0-4067-B233-5E05B10974A1}.Debug|Any CPU.ActiveCfg = Debug|Any CPU
		{FAEA532C-5CB0-4067-B233-5E05B10974A1}.Debug|Any CPU.Build.0 = Debug|Any CPU
		{FAEA532C-5CB0-4067-B233-5E05B10974A1}.Release|Any CPU.ActiveCfg = Release|Any CPU
		{FAEA532C-5CB0-4067-B233-5E05B10974A1}.Release|Any CPU.Build.0 = Release|Any CPU
		{A32C3CC0-B0BF-46A3-BB28-FBDDD38FCDAC}.Debug|Any CPU.ActiveCfg = Debug|Any CPU
		{A32C3CC0-B0BF-46A3-BB28-FBDDD38FCDAC}.Debug|Any CPU.Build.0 = Debug|Any CPU
		{A32C3CC0-B0BF-46A3-BB28-FBDDD38FCDAC}.Release|Any CPU.ActiveCfg = Release|Any CPU
		{A32C3CC0-B0BF-46A3-BB28-FBDDD38FCDAC}.Release|Any CPU.Build.0 = Release|Any CPU
		{32A2D4D0-A757-49A8-BB2D-949BE4761525}.Debug|Any CPU.ActiveCfg = Debug|Any CPU
		{32A2D4D0-A757-49A8-BB2D-949BE4761525}.Debug|Any CPU.Build.0 = Debug|Any CPU
		{32A2D4D0-A757-49A8-BB2D-949BE4761525}.Release|Any CPU.ActiveCfg = Release|Any CPU
		{32A2D4D0-A757-49A8-BB2D-949BE4761525}.Release|Any CPU.Build.0 = Release|Any CPU
		{47883963-5E92-4CEB-9C4C-25A6A5F22368}.Debug|Any CPU.ActiveCfg = Debug|Any CPU
		{47883963-5E92-4CEB-9C4C-25A6A5F22368}.Debug|Any CPU.Build.0 = Debug|Any CPU
		{47883963-5E92-4CEB-9C4C-25A6A5F22368}.Release|Any CPU.ActiveCfg = Release|Any CPU
		{47883963-5E92-4CEB-9C4C-25A6A5F22368}.Release|Any CPU.Build.0 = Release|Any CPU
		{3E093119-72DD-4B97-BFC8-3387A65EDC40}.Debug|Any CPU.ActiveCfg = Debug|Any CPU
		{3E093119-72DD-4B97-BFC8-3387A65EDC40}.Debug|Any CPU.Build.0 = Debug|Any CPU
		{3E093119-72DD-4B97-BFC8-3387A65EDC40}.Release|Any CPU.ActiveCfg = Release|Any CPU
		{3E093119-72DD-4B97-BFC8-3387A65EDC40}.Release|Any CPU.Build.0 = Release|Any CPU
		{90DF5380-9E9D-4BEF-86CC-94FA5387514D}.Debug|Any CPU.ActiveCfg = Debug|Any CPU
		{90DF5380-9E9D-4BEF-86CC-94FA5387514D}.Debug|Any CPU.Build.0 = Debug|Any CPU
		{90DF5380-9E9D-4BEF-86CC-94FA5387514D}.Release|Any CPU.ActiveCfg = Release|Any CPU
		{90DF5380-9E9D-4BEF-86CC-94FA5387514D}.Release|Any CPU.Build.0 = Release|Any CPU
		{E5D1F2C1-3FF1-4586-900C-5BF2D8E87455}.Debug|Any CPU.ActiveCfg = Debug|Any CPU
		{E5D1F2C1-3FF1-4586-900C-5BF2D8E87455}.Debug|Any CPU.Build.0 = Debug|Any CPU
		{E5D1F2C1-3FF1-4586-900C-5BF2D8E87455}.Release|Any CPU.ActiveCfg = Release|Any CPU
		{E5D1F2C1-3FF1-4586-900C-5BF2D8E87455}.Release|Any CPU.Build.0 = Release|Any CPU
		{0BA416FC-05E6-4CFA-A214-FFF4F7EC0073}.Debug|Any CPU.ActiveCfg = Debug|Any CPU
		{0BA416FC-05E6-4CFA-A214-FFF4F7EC0073}.Debug|Any CPU.Build.0 = Debug|Any CPU
		{0BA416FC-05E6-4CFA-A214-FFF4F7EC0073}.Release|Any CPU.ActiveCfg = Release|Any CPU
		{0BA416FC-05E6-4CFA-A214-FFF4F7EC0073}.Release|Any CPU.Build.0 = Release|Any CPU
		{5B04C320-A9D0-4FB3-ABDD-363A480D4BE2}.Debug|Any CPU.ActiveCfg = Debug|Any CPU
		{5B04C320-A9D0-4FB3-ABDD-363A480D4BE2}.Debug|Any CPU.Build.0 = Debug|Any CPU
		{5B04C320-A9D0-4FB3-ABDD-363A480D4BE2}.Release|Any CPU.ActiveCfg = Release|Any CPU
		{5B04C320-A9D0-4FB3-ABDD-363A480D4BE2}.Release|Any CPU.Build.0 = Release|Any CPU
		{8B151F74-F200-4B5A-82CA-19C7707E81F5}.Debug|Any CPU.ActiveCfg = Debug|Any CPU
		{8B151F74-F200-4B5A-82CA-19C7707E81F5}.Debug|Any CPU.Build.0 = Debug|Any CPU
		{8B151F74-F200-4B5A-82CA-19C7707E81F5}.Release|Any CPU.ActiveCfg = Release|Any CPU
		{8B151F74-F200-4B5A-82CA-19C7707E81F5}.Release|Any CPU.Build.0 = Release|Any CPU
		{2F04AD02-A245-426F-A0B9-17C800E96799}.Debug|Any CPU.ActiveCfg = Debug|Any CPU
		{2F04AD02-A245-426F-A0B9-17C800E96799}.Debug|Any CPU.Build.0 = Debug|Any CPU
		{2F04AD02-A245-426F-A0B9-17C800E96799}.Release|Any CPU.ActiveCfg = Release|Any CPU
		{2F04AD02-A245-426F-A0B9-17C800E96799}.Release|Any CPU.Build.0 = Release|Any CPU
		{0E7D6E6E-93F2-4B3C-828B-316CA91BB874}.Debug|Any CPU.ActiveCfg = Debug|Any CPU
		{0E7D6E6E-93F2-4B3C-828B-316CA91BB874}.Debug|Any CPU.Build.0 = Debug|Any CPU
		{0E7D6E6E-93F2-4B3C-828B-316CA91BB874}.Release|Any CPU.ActiveCfg = Release|Any CPU
		{0E7D6E6E-93F2-4B3C-828B-316CA91BB874}.Release|Any CPU.Build.0 = Release|Any CPU
		{B41F2109-C09A-4574-88EF-F408DEC89A3F}.Debug|Any CPU.ActiveCfg = Debug|Any CPU
		{B41F2109-C09A-4574-88EF-F408DEC89A3F}.Debug|Any CPU.Build.0 = Debug|Any CPU
		{B41F2109-C09A-4574-88EF-F408DEC89A3F}.Release|Any CPU.ActiveCfg = Release|Any CPU
		{B41F2109-C09A-4574-88EF-F408DEC89A3F}.Release|Any CPU.Build.0 = Release|Any CPU
		{AA7816AC-F579-46AB-BC17-4CC1166617B4}.Debug|Any CPU.ActiveCfg = Debug|Any CPU
		{AA7816AC-F579-46AB-BC17-4CC1166617B4}.Debug|Any CPU.Build.0 = Debug|Any CPU
		{AA7816AC-F579-46AB-BC17-4CC1166617B4}.Release|Any CPU.ActiveCfg = Release|Any CPU
		{AA7816AC-F579-46AB-BC17-4CC1166617B4}.Release|Any CPU.Build.0 = Release|Any CPU
		{BDD428D5-FF51-467A-BB13-FE5003C333DF}.Debug|Any CPU.ActiveCfg = Debug|Any CPU
		{BDD428D5-FF51-467A-BB13-FE5003C333DF}.Debug|Any CPU.Build.0 = Debug|Any CPU
		{BDD428D5-FF51-467A-BB13-FE5003C333DF}.Release|Any CPU.ActiveCfg = Release|Any CPU
		{BDD428D5-FF51-467A-BB13-FE5003C333DF}.Release|Any CPU.Build.0 = Release|Any CPU
		{0BDA686F-C987-41D4-9742-F6EF2EF1B592}.Debug|Any CPU.ActiveCfg = Debug|Any CPU
		{0BDA686F-C987-41D4-9742-F6EF2EF1B592}.Debug|Any CPU.Build.0 = Debug|Any CPU
		{0BDA686F-C987-41D4-9742-F6EF2EF1B592}.Release|Any CPU.ActiveCfg = Release|Any CPU
		{0BDA686F-C987-41D4-9742-F6EF2EF1B592}.Release|Any CPU.Build.0 = Release|Any CPU
	EndGlobalSection
	GlobalSection(SolutionProperties) = preSolution
		HideSolutionNode = FALSE
	EndGlobalSection
	GlobalSection(NestedProjects) = preSolution
		{8001CD39-CDC7-43E5-AD93-72C78570A29B} = {325F8354-BF5E-4EBC-8A7A-8D63EAD60913}
		{E2455061-9C5C-4C53-83DB-B21B4A16CB01} = {325F8354-BF5E-4EBC-8A7A-8D63EAD60913}
		{1309E87A-FC02-4934-BB6E-EDDCCE8ED124} = {325F8354-BF5E-4EBC-8A7A-8D63EAD60913}
		{9E27A012-EFC7-49E2-B038-FDD2D36FF85B} = {53080781-AE6C-47EB-A488-4238F5FCF9E0}
		{BF1BA790-D1E7-4121-9965-1A9A5380B205} = {9E27A012-EFC7-49E2-B038-FDD2D36FF85B}
		{23A37017-27A6-4600-BD2D-3C31207185E2} = {9E27A012-EFC7-49E2-B038-FDD2D36FF85B}
		{2DB72358-BB78-41A9-A7FA-9E579FAF4AC3} = {325F8354-BF5E-4EBC-8A7A-8D63EAD60913}
		{248EA466-1E16-4EF3-8B65-0167F338B00B} = {9E27A012-EFC7-49E2-B038-FDD2D36FF85B}
		{41ABF0AC-221B-4FF5-A9A1-B21CCD4405F9} = {9E27A012-EFC7-49E2-B038-FDD2D36FF85B}
		{BCAB2CD6-EA1E-4AF4-A382-434984ED547C} = {325F8354-BF5E-4EBC-8A7A-8D63EAD60913}
		{9CBC54D0-7756-4DD0-A41B-D3D8E3BB4012} = {325F8354-BF5E-4EBC-8A7A-8D63EAD60913}
		{261967F6-7262-4F62-BECF-33ED16902723} = {9E27A012-EFC7-49E2-B038-FDD2D36FF85B}
		{713FBFD0-C87B-4FB9-955F-E46500C22276} = {53080781-AE6C-47EB-A488-4238F5FCF9E0}
		{07B93C17-AC75-4913-AC4B-599FFBA1F3E3} = {713FBFD0-C87B-4FB9-955F-E46500C22276}
		{6286881C-BF44-4E29-9BAC-06B3F0D77346} = {713FBFD0-C87B-4FB9-955F-E46500C22276}
		{A88888D2-2DAC-428C-ADAF-4EEED912F74F} = {713FBFD0-C87B-4FB9-955F-E46500C22276}
		{1614497C-243F-4B6A-A156-B8183761E072} = {713FBFD0-C87B-4FB9-955F-E46500C22276}
		{FAEA532C-5CB0-4067-B233-5E05B10974A1} = {713FBFD0-C87B-4FB9-955F-E46500C22276}
		{A32C3CC0-B0BF-46A3-BB28-FBDDD38FCDAC} = {9E27A012-EFC7-49E2-B038-FDD2D36FF85B}
		{32A2D4D0-A757-49A8-BB2D-949BE4761525} = {713FBFD0-C87B-4FB9-955F-E46500C22276}
		{47883963-5E92-4CEB-9C4C-25A6A5F22368} = {7344CA34-B194-4ED2-A0FB-0A4CB7BE8F0E}
		{3E093119-72DD-4B97-BFC8-3387A65EDC40} = {7344CA34-B194-4ED2-A0FB-0A4CB7BE8F0E}
		{90DF5380-9E9D-4BEF-86CC-94FA5387514D} = {7344CA34-B194-4ED2-A0FB-0A4CB7BE8F0E}
		{E5D1F2C1-3FF1-4586-900C-5BF2D8E87455} = {7344CA34-B194-4ED2-A0FB-0A4CB7BE8F0E}
		{0BA416FC-05E6-4CFA-A214-FFF4F7EC0073} = {7344CA34-B194-4ED2-A0FB-0A4CB7BE8F0E}
		{5B04C320-A9D0-4FB3-ABDD-363A480D4BE2} = {7344CA34-B194-4ED2-A0FB-0A4CB7BE8F0E}
		{8B151F74-F200-4B5A-82CA-19C7707E81F5} = {C527E99D-5AC8-450F-A04E-CD81343BB1AC}
		{2F04AD02-A245-426F-A0B9-17C800E96799} = {C527E99D-5AC8-450F-A04E-CD81343BB1AC}
		{0E7D6E6E-93F2-4B3C-828B-316CA91BB874} = {C527E99D-5AC8-450F-A04E-CD81343BB1AC}
		{B41F2109-C09A-4574-88EF-F408DEC89A3F} = {C527E99D-5AC8-450F-A04E-CD81343BB1AC}
		{AA7816AC-F579-46AB-BC17-4CC1166617B4} = {C527E99D-5AC8-450F-A04E-CD81343BB1AC}
		{BDD428D5-FF51-467A-BB13-FE5003C333DF} = {C527E99D-5AC8-450F-A04E-CD81343BB1AC}
		{534FA529-C149-4CB5-BAA7-FC2EFC501D82} = {718CC3AD-B3E0-4CCF-B057-EC9C97CB118E}
		{0BDA686F-C987-41D4-9742-F6EF2EF1B592} = {534FA529-C149-4CB5-BAA7-FC2EFC501D82}
	EndGlobalSection
	GlobalSection(ExtensibilityGlobals) = postSolution
		SolutionGuid = {F370B758-29B2-45DC-AF55-519FD12D9178}
	EndGlobalSection
EndGlobal
